
Microsoft Visual Studio Solution File, Format Version 12.00
# Visual Studio Version 17
VisualStudioVersion = 17.3.32929.385
MinimumVisualStudioVersion = 10.0.40219.1
Project("{8BC9CEB8-8B4A-11D0-8D11-00A0C91BC942}") = "Pong", "Pong\Pong.vcxproj", "{435DBCFC-8B11-403F-AE95-EC983B4DBBEC}"
EndProject
Global
	GlobalSection(SolutionConfigurationPlatforms) = preSolution
		Debug|x64 = Debug|x64
		Debug|x86 = Debug|x86
		Release|x64 = Release|x64
		Release|x86 = Release|x86
	EndGlobalSection
	GlobalSection(ProjectConfigurationPlatforms) = postSolution
		{435DBCFC-8B11-403F-AE95-EC983B4DBBEC}.Debug|x64.ActiveCfg = Debug|x64
		{435DBCFC-8B11-403F-AE95-EC983B4DBBEC}.Debug|x64.Build.0 = Debug|x64
		{435DBCFC-8B11-403F-AE95-EC983B4DBBEC}.Debug|x86.ActiveCfg = Debug|Win32
		{435DBCFC-8B11-403F-AE95-EC983B4DBBEC}.Debug|x86.Build.0 = Debug|Win32
		{435DBCFC-8B11-403F-AE95-EC983B4DBBEC}.Release|x64.ActiveCfg = Release|x64
		{435DBCFC-8B11-403F-AE95-EC983B4DBBEC}.Release|x64.Build.0 = Release|x64
		{435DBCFC-8B11-403F-AE95-EC983B4DBBEC}.Release|x86.ActiveCfg = Release|Win32
		{435DBCFC-8B11-403F-AE95-EC983B4DBBEC}.Release|x86.Build.0 = Release|Win32
	EndGlobalSection
	GlobalSection(SolutionProperties) = preSolution
		HideSolutionNode = FALSE
	EndGlobalSection
	GlobalSection(ExtensibilityGlobals) = postSolution
		SolutionGuid = {EC465094-2ADE-40F2-8097-BB5C98331EA2}
	EndGlobalSection
EndGlobal
